{
  "name": "lifxhtml",
  "version": "1.0.0",
  "lockfileVersion": 1,
  "requires": true,
  "dependencies": {
    "clone": {
      "version": "2.1.2",
      "resolved": "https://registry.npmjs.org/clone/-/clone-2.1.2.tgz",
      "integrity": "sha1-G39Ln1kfHo+DZwQBYANFoCiHQ18="
    },
    "color-convert": {
      "version": "2.0.1",
      "resolved": "https://registry.npmjs.org/color-convert/-/color-convert-2.0.1.tgz",
      "integrity": "sha512-RRECPsj7iu/xb5oKYcsFHSppFNnsj/52OVTRKb4zP5onXwVF3zVmmToNcOfGC+CRDpfK/U584fMg38ZHCaElKQ==",
      "requires": {
        "color-name": "~1.1.4"
      }
    },
    "color-name": {
      "version": "1.1.4",
      "resolved": "https://registry.npmjs.org/color-name/-/color-name-1.1.4.tgz",
      "integrity": "sha512-dOy+3AuW3a2wNbZHIuMZpTcgjGuLU/uBL/ubcZF9OXbDo8ff4O8yVp5Bf0efS8uEoYo5q4Fx7dY9OgQGXgAsQA=="
    },
    "css-color-names": {
      "version": "1.0.1",
      "resolved": "https://registry.npmjs.org/css-color-names/-/css-color-names-1.0.1.tgz",
      "integrity": "sha512-/loXYOch1qU1biStIFsHH8SxTmOseh1IJqFvy8IujXOm1h+QjUdDhkzOrR5HG8K8mlxREj0yfi8ewCHx0eMxzA=="
    },
    "lifx": {
      "version": "0.3.1",
      "resolved": "https://registry.npmjs.org/lifx/-/lifx-0.3.1.tgz",
      "integrity": "sha1-GoHswGshFekiB0P0UH39dffMYWo=",
      "requires": {
        "clone": "*",
        "underscore": "1.6"
      }
    },
    "underscore": {
      "version": "1.6.0",
      "resolved": "https://registry.npmjs.org/underscore/-/underscore-1.6.0.tgz",
      "integrity": "sha1-izixDKze9jM3uLJOT/htRa6lKag="
    }
  }
}
